// !$*UTF8*$!
{
	archiveVersion = 1;
	classes = {
	};
	objectVersion = 52;
	objects = {

/* Begin PBXBuildFile section */
		714E25C62517265200875187 /* AppDelegate.swift in Sources */ = {isa = PBXBuildFile; fileRef = 714E25C52517265200875187 /* AppDelegate.swift */; };
		714E25CD2517265200875187 /* Main.storyboard in Resources */ = {isa = PBXBuildFile; fileRef = 714E25CB2517265200875187 /* Main.storyboard */; };
		714E25CF2517265400875187 /* Assets.xcassets in Resources */ = {isa = PBXBuildFile; fileRef = 714E25CE2517265400875187 /* Assets.xcassets */; };
		714E25D22517265400875187 /* LaunchScreen.storyboard in Resources */ = {isa = PBXBuildFile; fileRef = 714E25D02517265400875187 /* LaunchScreen.storyboard */; };
		714E25DD2517265400875187 /* VidThumbDemoTests.swift in Sources */ = {isa = PBXBuildFile; fileRef = 714E25DC2517265400875187 /* VidThumbDemoTests.swift */; };
		714E25E82517265400875187 /* VidThumbDemoUITests.swift in Sources */ = {isa = PBXBuildFile; fileRef = 714E25E72517265400875187 /* VidThumbDemoUITests.swift */; };
		714E25FA251728BC00875187 /* RxCocoa in Frameworks */ = {isa = PBXBuildFile; productRef = 714E25F9251728BC00875187 /* RxCocoa */; };
		714E25FC251728BC00875187 /* RxSwift in Frameworks */ = {isa = PBXBuildFile; productRef = 714E25FB251728BC00875187 /* RxSwift */; };
		714E260525172E8900875187 /* VideoThumbViewController.swift in Sources */ = {isa = PBXBuildFile; fileRef = 714E260425172E8900875187 /* VideoThumbViewController.swift */; };
		714E260B25172EAA00875187 /* BaseViewController.swift in Sources */ = {isa = PBXBuildFile; fileRef = 714E260A25172EAA00875187 /* BaseViewController.swift */; };
		714E2613251730B800875187 /* VideoThumbPresenter.swift in Sources */ = {isa = PBXBuildFile; fileRef = 714E2612251730B800875187 /* VideoThumbPresenter.swift */; };
		714E26192517315600875187 /* VideoThumbCollectionViewCell.xib in Resources */ = {isa = PBXBuildFile; fileRef = 714E26182517315600875187 /* VideoThumbCollectionViewCell.xib */; };
		714E261E2517315F00875187 /* VideoThumbCollectionViewCell.swift in Sources */ = {isa = PBXBuildFile; fileRef = 714E261D2517315F00875187 /* VideoThumbCollectionViewCell.swift */; };
		714E26242517317D00875187 /* CustomCellable.swift in Sources */ = {isa = PBXBuildFile; fileRef = 714E26232517317D00875187 /* CustomCellable.swift */; };
		714E262C25173A3000875187 /* VideoThumbInteractor.swift in Sources */ = {isa = PBXBuildFile; fileRef = 714E262B25173A3000875187 /* VideoThumbInteractor.swift */; };
		714E264525173AC800875187 /* TEST0514.avi in Resources */ = {isa = PBXBuildFile; fileRef = 714E263125173AC800875187 /* TEST0514.avi */; };
		714E264625173AC800875187 /* TEST0356.avi in Resources */ = {isa = PBXBuildFile; fileRef = 714E263225173AC800875187 /* TEST0356.avi */; };
		714E264725173AC800875187 /* TEST0598.avi in Resources */ = {isa = PBXBuildFile; fileRef = 714E263325173AC800875187 /* TEST0598.avi */; };
		714E264825173AC800875187 /* TEST0351.avi in Resources */ = {isa = PBXBuildFile; fileRef = 714E263425173AC800875187 /* TEST0351.avi */; };
		714E264925173AC800875187 /* TEST0053.avi in Resources */ = {isa = PBXBuildFile; fileRef = 714E263525173AC800875187 /* TEST0053.avi */; };
		714E264A25173AC800875187 /* TEST0352.avi in Resources */ = {isa = PBXBuildFile; fileRef = 714E263625173AC800875187 /* TEST0352.avi */; };
		714E264B25173AC800875187 /* TEST0092.avi in Resources */ = {isa = PBXBuildFile; fileRef = 714E263725173AC800875187 /* TEST0092.avi */; };
		714E264C25173AC800875187 /* TEST0055.avi in Resources */ = {isa = PBXBuildFile; fileRef = 714E263825173AC800875187 /* TEST0055.avi */; };
		714E264D25173AC800875187 /* TEST0510.avi in Resources */ = {isa = PBXBuildFile; fileRef = 714E263925173AC800875187 /* TEST0510.avi */; };
		714E264E25173AC800875187 /* TEST0093.avi in Resources */ = {isa = PBXBuildFile; fileRef = 714E263A25173AC800875187 /* TEST0093.avi */; };
		714E264F25173AC800875187 /* TEST0054.avi in Resources */ = {isa = PBXBuildFile; fileRef = 714E263B25173AC800875187 /* TEST0054.avi */; };
		714E265025173AC800875187 /* TEST0355.avi in Resources */ = {isa = PBXBuildFile; fileRef = 714E263C25173AC800875187 /* TEST0355.avi */; };
		714E265125173AC800875187 /* TEST0094.avi in Resources */ = {isa = PBXBuildFile; fileRef = 714E263D25173AC800875187 /* TEST0094.avi */; };
		714E265225173AC800875187 /* TEST0354.avi in Resources */ = {isa = PBXBuildFile; fileRef = 714E263E25173AC800875187 /* TEST0354.avi */; };
		714E265325173AC800875187 /* TEST0511.avi in Resources */ = {isa = PBXBuildFile; fileRef = 714E263F25173AC800875187 /* TEST0511.avi */; };
		714E265425173AC800875187 /* TEST0509.avi in Resources */ = {isa = PBXBuildFile; fileRef = 714E264025173AC800875187 /* TEST0509.avi */; };
		714E265525173AC800875187 /* TEST0512.avi in Resources */ = {isa = PBXBuildFile; fileRef = 714E264125173AC800875187 /* TEST0512.avi */; };
		714E265625173AC800875187 /* TEST0353.avi in Resources */ = {isa = PBXBuildFile; fileRef = 714E264225173AC800875187 /* TEST0353.avi */; };
		714E265725173AC800875187 /* TEST0056.avi in Resources */ = {isa = PBXBuildFile; fileRef = 714E264325173AC800875187 /* TEST0056.avi */; };
		714E265825173AC800875187 /* TEST0513.avi in Resources */ = {isa = PBXBuildFile; fileRef = 714E264425173AC800875187 /* TEST0513.avi */; };
		714E268F25176F0500875187 /* VideoEntity.swift in Sources */ = {isa = PBXBuildFile; fileRef = 714E268E25176F0500875187 /* VideoEntity.swift */; };
		714E26952517700A00875187 /* VideoManager.swift in Sources */ = {isa = PBXBuildFile; fileRef = 714E26942517700A00875187 /* VideoManager.swift */; };
		7157F71F2518DD60005463E4 /* Accelerate.framework in Frameworks */ = {isa = PBXBuildFile; fileRef = 7157F71E2518DD60005463E4 /* Accelerate.framework */; };
		7157F7212518DD64005463E4 /* AudioToolbox.framework in Frameworks */ = {isa = PBXBuildFile; fileRef = 7157F7202518DD64005463E4 /* AudioToolbox.framework */; };
		7157F7232518DD6C005463E4 /* CoreAudio.framework in Frameworks */ = {isa = PBXBuildFile; fileRef = 7157F7222518DD6C005463E4 /* CoreAudio.framework */; };
		7157F7252518DD73005463E4 /* CoreGraphics.framework in Frameworks */ = {isa = PBXBuildFile; fileRef = 7157F7242518DD73005463E4 /* CoreGraphics.framework */; };
		7157F7272518DD7C005463E4 /* CoreMedia.framework in Frameworks */ = {isa = PBXBuildFile; fileRef = 7157F7262518DD7C005463E4 /* CoreMedia.framework */; };
		7157F72B2518DD96005463E4 /* VideoToolbox.framework in Frameworks */ = {isa = PBXBuildFile; fileRef = 7157F72A2518DD96005463E4 /* VideoToolbox.framework */; };
		7157F72D2518DD9B005463E4 /* QuartzCore.framework in Frameworks */ = {isa = PBXBuildFile; fileRef = 7157F72C2518DD9B005463E4 /* QuartzCore.framework */; };
		7157F72F2518DDB4005463E4 /* libz.tbd in Frameworks */ = {isa = PBXBuildFile; fileRef = 7157F72E2518DDAF005463E4 /* libz.tbd */; };
		7157F7342518DDC5005463E4 /* libiconv.tbd in Frameworks */ = {isa = PBXBuildFile; fileRef = 7157F7332518DDC0005463E4 /* libiconv.tbd */; };
		7157F7392518DDEF005463E4 /* libbz2.tbd in Frameworks */ = {isa = PBXBuildFile; fileRef = 7157F7382518DDE9005463E4 /* libbz2.tbd */; };
		7157F7492518E042005463E4 /* libavcodec.a in Frameworks */ = {isa = PBXBuildFile; fileRef = 7157F6B02518DD20005463E4 /* libavcodec.a */; };
		7157F74A2518E042005463E4 /* libavdevice.a in Frameworks */ = {isa = PBXBuildFile; fileRef = 7157F6B22518DD20005463E4 /* libavdevice.a */; };
		7157F74B2518E042005463E4 /* libavfilter.a in Frameworks */ = {isa = PBXBuildFile; fileRef = 7157F6AF2518DD20005463E4 /* libavfilter.a */; };
		7157F74C2518E042005463E4 /* libavformat.a in Frameworks */ = {isa = PBXBuildFile; fileRef = 7157F6B12518DD20005463E4 /* libavformat.a */; };
		7157F74D2518E042005463E4 /* libavutil.a in Frameworks */ = {isa = PBXBuildFile; fileRef = 7157F6AE2518DD20005463E4 /* libavutil.a */; };
		7157F74E2518E042005463E4 /* libswresample.a in Frameworks */ = {isa = PBXBuildFile; fileRef = 7157F6B32518DD20005463E4 /* libswresample.a */; };
		7157F74F2518E042005463E4 /* libswscale.a in Frameworks */ = {isa = PBXBuildFile; fileRef = 7157F6B42518DD20005463E4 /* libswscale.a */; };
		7157F7722518E590005463E4 /* Metal.framework in Frameworks */ = {isa = PBXBuildFile; fileRef = 7157F7712518E590005463E4 /* Metal.framework */; };
		7157F82B2518FC6B005463E4 /* XYQMovieObject.m in Sources */ = {isa = PBXBuildFile; fileRef = 7157F8292518FC6B005463E4 /* XYQMovieObject.m */; };
		7157F861251B759C005463E4 /* HomeViewController.swift in Sources */ = {isa = PBXBuildFile; fileRef = 7157F860251B759C005463E4 /* HomeViewController.swift */; };
		7157F86B251B75B9005463E4 /* HomeViewPresenter.swift in Sources */ = {isa = PBXBuildFile; fileRef = 7157F86A251B75B9005463E4 /* HomeViewPresenter.swift */; };
		7157F870251B75C5005463E4 /* HomeViewInteractor.swift in Sources */ = {isa = PBXBuildFile; fileRef = 7157F86F251B75C5005463E4 /* HomeViewInteractor.swift */; };
		7157F878251B7644005463E4 /* HomeViewRouter.swift in Sources */ = {isa = PBXBuildFile; fileRef = 7157F877251B7644005463E4 /* HomeViewRouter.swift */; };
		7157F884251B853E005463E4 /* UserDefaultManager.swift in Sources */ = {isa = PBXBuildFile; fileRef = 7157F883251B853E005463E4 /* UserDefaultManager.swift */; };
		7157F88A251B93F2005463E4 /* CloudKit.framework in Frameworks */ = {isa = PBXBuildFile; fileRef = 7157F889251B93F2005463E4 /* CloudKit.framework */; };
/* End PBXBuildFile section */

/* Begin PBXContainerItemProxy section */
		714E25D92517265400875187 /* PBXContainerItemProxy */ = {
			isa = PBXContainerItemProxy;
			containerPortal = 714E25BA2517265100875187 /* Project object */;
			proxyType = 1;
			remoteGlobalIDString = 714E25C12517265100875187;
			remoteInfo = VidThumbDemo;
		};
		714E25E42517265400875187 /* PBXContainerItemProxy */ = {
			isa = PBXContainerItemProxy;
			containerPortal = 714E25BA2517265100875187 /* Project object */;
			proxyType = 1;
			remoteGlobalIDString = 714E25C12517265100875187;
			remoteInfo = VidThumbDemo;
		};
/* End PBXContainerItemProxy section */

/* Begin PBXFileReference section */
		714E25C22517265200875187 /* VidThumbDemo.app */ = {isa = PBXFileReference; explicitFileType = wrapper.application; includeInIndex = 0; path = VidThumbDemo.app; sourceTree = BUILT_PRODUCTS_DIR; };
		714E25C52517265200875187 /* AppDelegate.swift */ = {isa = PBXFileReference; lastKnownFileType = sourcecode.swift; path = AppDelegate.swift; sourceTree = "<group>"; };
		714E25CC2517265200875187 /* Base */ = {isa = PBXFileReference; lastKnownFileType = file.storyboard; name = Base; path = Base.lproj/Main.storyboard; sourceTree = "<group>"; };
		714E25CE2517265400875187 /* Assets.xcassets */ = {isa = PBXFileReference; lastKnownFileType = folder.assetcatalog; path = Assets.xcassets; sourceTree = "<group>"; };
		714E25D12517265400875187 /* Base */ = {isa = PBXFileReference; lastKnownFileType = file.storyboard; name = Base; path = Base.lproj/LaunchScreen.storyboard; sourceTree = "<group>"; };
		714E25D32517265400875187 /* Info.plist */ = {isa = PBXFileReference; lastKnownFileType = text.plist.xml; path = Info.plist; sourceTree = "<group>"; };
		714E25D82517265400875187 /* VidThumbDemoTests.xctest */ = {isa = PBXFileReference; explicitFileType = wrapper.cfbundle; includeInIndex = 0; path = VidThumbDemoTests.xctest; sourceTree = BUILT_PRODUCTS_DIR; };
		714E25DC2517265400875187 /* VidThumbDemoTests.swift */ = {isa = PBXFileReference; lastKnownFileType = sourcecode.swift; path = VidThumbDemoTests.swift; sourceTree = "<group>"; };
		714E25DE2517265400875187 /* Info.plist */ = {isa = PBXFileReference; lastKnownFileType = text.plist.xml; path = Info.plist; sourceTree = "<group>"; };
		714E25E32517265400875187 /* VidThumbDemoUITests.xctest */ = {isa = PBXFileReference; explicitFileType = wrapper.cfbundle; includeInIndex = 0; path = VidThumbDemoUITests.xctest; sourceTree = BUILT_PRODUCTS_DIR; };
		714E25E72517265400875187 /* VidThumbDemoUITests.swift */ = {isa = PBXFileReference; lastKnownFileType = sourcecode.swift; path = VidThumbDemoUITests.swift; sourceTree = "<group>"; };
		714E25E92517265400875187 /* Info.plist */ = {isa = PBXFileReference; lastKnownFileType = text.plist.xml; path = Info.plist; sourceTree = "<group>"; };
		714E260425172E8900875187 /* VideoThumbViewController.swift */ = {isa = PBXFileReference; lastKnownFileType = sourcecode.swift; path = VideoThumbViewController.swift; sourceTree = "<group>"; };
		714E260A25172EAA00875187 /* BaseViewController.swift */ = {isa = PBXFileReference; lastKnownFileType = sourcecode.swift; path = BaseViewController.swift; sourceTree = "<group>"; };
		714E2612251730B800875187 /* VideoThumbPresenter.swift */ = {isa = PBXFileReference; lastKnownFileType = sourcecode.swift; path = VideoThumbPresenter.swift; sourceTree = "<group>"; };
		714E26182517315600875187 /* VideoThumbCollectionViewCell.xib */ = {isa = PBXFileReference; lastKnownFileType = file.xib; path = VideoThumbCollectionViewCell.xib; sourceTree = "<group>"; };
		714E261D2517315F00875187 /* VideoThumbCollectionViewCell.swift */ = {isa = PBXFileReference; lastKnownFileType = sourcecode.swift; path = VideoThumbCollectionViewCell.swift; sourceTree = "<group>"; };
		714E26232517317D00875187 /* CustomCellable.swift */ = {isa = PBXFileReference; lastKnownFileType = sourcecode.swift; path = CustomCellable.swift; sourceTree = "<group>"; };
		714E262B25173A3000875187 /* VideoThumbInteractor.swift */ = {isa = PBXFileReference; lastKnownFileType = sourcecode.swift; path = VideoThumbInteractor.swift; sourceTree = "<group>"; };
		714E263125173AC800875187 /* TEST0514.avi */ = {isa = PBXFileReference; lastKnownFileType = video.avi; path = TEST0514.avi; sourceTree = "<group>"; };
		714E263225173AC800875187 /* TEST0356.avi */ = {isa = PBXFileReference; lastKnownFileType = video.avi; path = TEST0356.avi; sourceTree = "<group>"; };
		714E263325173AC800875187 /* TEST0598.avi */ = {isa = PBXFileReference; lastKnownFileType = video.avi; path = TEST0598.avi; sourceTree = "<group>"; };
		714E263425173AC800875187 /* TEST0351.avi */ = {isa = PBXFileReference; lastKnownFileType = video.avi; path = TEST0351.avi; sourceTree = "<group>"; };
		714E263525173AC800875187 /* TEST0053.avi */ = {isa = PBXFileReference; lastKnownFileType = video.avi; path = TEST0053.avi; sourceTree = "<group>"; };
		714E263625173AC800875187 /* TEST0352.avi */ = {isa = PBXFileReference; lastKnownFileType = video.avi; path = TEST0352.avi; sourceTree = "<group>"; };
		714E263725173AC800875187 /* TEST0092.avi */ = {isa = PBXFileReference; lastKnownFileType = video.avi; path = TEST0092.avi; sourceTree = "<group>"; };
		714E263825173AC800875187 /* TEST0055.avi */ = {isa = PBXFileReference; lastKnownFileType = video.avi; path = TEST0055.avi; sourceTree = "<group>"; };
		714E263925173AC800875187 /* TEST0510.avi */ = {isa = PBXFileReference; lastKnownFileType = video.avi; path = TEST0510.avi; sourceTree = "<group>"; };
		714E263A25173AC800875187 /* TEST0093.avi */ = {isa = PBXFileReference; lastKnownFileType = video.avi; path = TEST0093.avi; sourceTree = "<group>"; };
		714E263B25173AC800875187 /* TEST0054.avi */ = {isa = PBXFileReference; lastKnownFileType = video.avi; path = TEST0054.avi; sourceTree = "<group>"; };
		714E263C25173AC800875187 /* TEST0355.avi */ = {isa = PBXFileReference; lastKnownFileType = video.avi; path = TEST0355.avi; sourceTree = "<group>"; };
		714E263D25173AC800875187 /* TEST0094.avi */ = {isa = PBXFileReference; lastKnownFileType = video.avi; path = TEST0094.avi; sourceTree = "<group>"; };
		714E263E25173AC800875187 /* TEST0354.avi */ = {isa = PBXFileReference; lastKnownFileType = video.avi; path = TEST0354.avi; sourceTree = "<group>"; };
		714E263F25173AC800875187 /* TEST0511.avi */ = {isa = PBXFileReference; lastKnownFileType = video.avi; path = TEST0511.avi; sourceTree = "<group>"; };
		714E264025173AC800875187 /* TEST0509.avi */ = {isa = PBXFileReference; lastKnownFileType = video.avi; path = TEST0509.avi; sourceTree = "<group>"; };
		714E264125173AC800875187 /* TEST0512.avi */ = {isa = PBXFileReference; lastKnownFileType = video.avi; path = TEST0512.avi; sourceTree = "<group>"; };
		714E264225173AC800875187 /* TEST0353.avi */ = {isa = PBXFileReference; lastKnownFileType = video.avi; path = TEST0353.avi; sourceTree = "<group>"; };
		714E264325173AC800875187 /* TEST0056.avi */ = {isa = PBXFileReference; lastKnownFileType = video.avi; path = TEST0056.avi; sourceTree = "<group>"; };
		714E264425173AC800875187 /* TEST0513.avi */ = {isa = PBXFileReference; lastKnownFileType = video.avi; path = TEST0513.avi; sourceTree = "<group>"; };
		714E268E25176F0500875187 /* VideoEntity.swift */ = {isa = PBXFileReference; lastKnownFileType = sourcecode.swift; path = VideoEntity.swift; sourceTree = "<group>"; };
		714E26942517700A00875187 /* VideoManager.swift */ = {isa = PBXFileReference; lastKnownFileType = sourcecode.swift; path = VideoManager.swift; sourceTree = "<group>"; };
		7157F6352518DD20005463E4 /* version.h */ = {isa = PBXFileReference; fileEncoding = 4; lastKnownFileType = sourcecode.c.h; path = version.h; sourceTree = "<group>"; };
		7157F6362518DD20005463E4 /* buffersrc.h */ = {isa = PBXFileReference; fileEncoding = 4; lastKnownFileType = sourcecode.c.h; path = buffersrc.h; sourceTree = "<group>"; };
		7157F6372518DD20005463E4 /* buffersink.h */ = {isa = PBXFileReference; fileEncoding = 4; lastKnownFileType = sourcecode.c.h; path = buffersink.h; sourceTree = "<group>"; };
		7157F6382518DD20005463E4 /* avfilter.h */ = {isa = PBXFileReference; fileEncoding = 4; lastKnownFileType = sourcecode.c.h; path = avfilter.h; sourceTree = "<group>"; };
		7157F63A2518DD20005463E4 /* hwcontext.h */ = {isa = PBXFileReference; fileEncoding = 4; lastKnownFileType = sourcecode.c.h; path = hwcontext.h; sourceTree = "<group>"; };
		7157F63B2518DD20005463E4 /* time.h */ = {isa = PBXFileReference; fileEncoding = 4; lastKnownFileType = sourcecode.c.h; path = time.h; sourceTree = "<group>"; };
		7157F63C2518DD20005463E4 /* hwcontext_cuda.h */ = {isa = PBXFileReference; fileEncoding = 4; lastKnownFileType = sourcecode.c.h; path = hwcontext_cuda.h; sourceTree = "<group>"; };
		7157F63D2518DD20005463E4 /* intfloat.h */ = {isa = PBXFileReference; fileEncoding = 4; lastKnownFileType = sourcecode.c.h; path = intfloat.h; sourceTree = "<group>"; };
		7157F63E2518DD20005463E4 /* error.h */ = {isa = PBXFileReference; fileEncoding = 4; lastKnownFileType = sourcecode.c.h; path = error.h; sourceTree = "<group>"; };
		7157F63F2518DD20005463E4 /* fifo.h */ = {isa = PBXFileReference; fileEncoding = 4; lastKnownFileType = sourcecode.c.h; path = fifo.h; sourceTree = "<group>"; };
		7157F6402518DD20005463E4 /* blowfish.h */ = {isa = PBXFileReference; fileEncoding = 4; lastKnownFileType = sourcecode.c.h; path = blowfish.h; sourceTree = "<group>"; };
		7157F6412518DD20005463E4 /* hwcontext_mediacodec.h */ = {isa = PBXFileReference; fileEncoding = 4; lastKnownFileType = sourcecode.c.h; path = hwcontext_mediacodec.h; sourceTree = "<group>"; };
		7157F6422518DD20005463E4 /* replaygain.h */ = {isa = PBXFileReference; fileEncoding = 4; lastKnownFileType = sourcecode.c.h; path = replaygain.h; sourceTree = "<group>"; };
		7157F6432518DD20005463E4 /* version.h */ = {isa = PBXFileReference; fileEncoding = 4; lastKnownFileType = sourcecode.c.h; path = version.h; sourceTree = "<group>"; };
		7157F6442518DD20005463E4 /* murmur3.h */ = {isa = PBXFileReference; fileEncoding = 4; lastKnownFileType = sourcecode.c.h; path = murmur3.h; sourceTree = "<group>"; };
		7157F6452518DD20005463E4 /* stereo3d.h */ = {isa = PBXFileReference; fileEncoding = 4; lastKnownFileType = sourcecode.c.h; path = stereo3d.h; sourceTree = "<group>"; };
		7157F6462518DD20005463E4 /* samplefmt.h */ = {isa = PBXFileReference; fileEncoding = 4; lastKnownFileType = sourcecode.c.h; path = samplefmt.h; sourceTree = "<group>"; };
		7157F6472518DD20005463E4 /* pixdesc.h */ = {isa = PBXFileReference; fileEncoding = 4; lastKnownFileType = sourcecode.c.h; path = pixdesc.h; sourceTree = "<group>"; };
		7157F6482518DD20005463E4 /* base64.h */ = {isa = PBXFileReference; fileEncoding = 4; lastKnownFileType = sourcecode.c.h; path = base64.h; sourceTree = "<group>"; };
		7157F6492518DD20005463E4 /* rational.h */ = {isa = PBXFileReference; fileEncoding = 4; lastKnownFileType = sourcecode.c.h; path = rational.h; sourceTree = "<group>"; };
		7157F64A2518DD20005463E4 /* sha.h */ = {isa = PBXFileReference; fileEncoding = 4; lastKnownFileType = sourcecode.c.h; path = sha.h; sourceTree = "<group>"; };
		7157F64B2518DD20005463E4 /* motion_vector.h */ = {isa = PBXFileReference; fileEncoding = 4; lastKnownFileType = sourcecode.c.h; path = motion_vector.h; sourceTree = "<group>"; };
		7157F64C2518DD20005463E4 /* avconfig.h */ = {isa = PBXFileReference; fileEncoding = 4; lastKnownFileType = sourcecode.c.h; path = avconfig.h; sourceTree = "<group>"; };
		7157F64D2518DD20005463E4 /* lfg.h */ = {isa = PBXFileReference; fileEncoding = 4; lastKnownFileType = sourcecode.c.h; path = lfg.h; sourceTree = "<group>"; };
		7157F64E2518DD20005463E4 /* avutil.h */ = {isa = PBXFileReference; fileEncoding = 4; lastKnownFileType = sourcecode.c.h; path = avutil.h; sourceTree = "<group>"; };
		7157F64F2518DD20005463E4 /* xtea.h */ = {isa = PBXFileReference; fileEncoding = 4; lastKnownFileType = sourcecode.c.h; path = xtea.h; sourceTree = "<group>"; };
		7157F6502518DD20005463E4 /* crc.h */ = {isa = PBXFileReference; fileEncoding = 4; lastKnownFileType = sourcecode.c.h; path = crc.h; sourceTree = "<group>"; };
		7157F6512518DD20005463E4 /* hwcontext_vdpau.h */ = {isa = PBXFileReference; fileEncoding = 4; lastKnownFileType = sourcecode.c.h; path = hwcontext_vdpau.h; sourceTree = "<group>"; };
		7157F6522518DD20005463E4 /* frame.h */ = {isa = PBXFileReference; fileEncoding = 4; lastKnownFileType = sourcecode.c.h; path = frame.h; sourceTree = "<group>"; };
		7157F6532518DD20005463E4 /* file.h */ = {isa = PBXFileReference; fileEncoding = 4; lastKnownFileType = sourcecode.c.h; path = file.h; sourceTree = "<group>"; };
		7157F6542518DD20005463E4 /* md5.h */ = {isa = PBXFileReference; fileEncoding = 4; lastKnownFileType = sourcecode.c.h; path = md5.h; sourceTree = "<group>"; };
		7157F6552518DD20005463E4 /* cast5.h */ = {isa = PBXFileReference; fileEncoding = 4; lastKnownFileType = sourcecode.c.h; path = cast5.h; sourceTree = "<group>"; };
		7157F6562518DD20005463E4 /* hwcontext_vaapi.h */ = {isa = PBXFileReference; fileEncoding = 4; lastKnownFileType = sourcecode.c.h; path = hwcontext_vaapi.h; sourceTree = "<group>"; };
		7157F6572518DD20005463E4 /* spherical.h */ = {isa = PBXFileReference; fileEncoding = 4; lastKnownFileType = sourcecode.c.h; path = spherical.h; sourceTree = "<group>"; };
		7157F6582518DD20005463E4 /* ffversion.h */ = {isa = PBXFileReference; fileEncoding = 4; lastKnownFileType = sourcecode.c.h; path = ffversion.h; sourceTree = "<group>"; };
		7157F6592518DD20005463E4 /* audio_fifo.h */ = {isa = PBXFileReference; fileEncoding = 4; lastKnownFileType = sourcecode.c.h; path = audio_fifo.h; sourceTree = "<group>"; };
		7157F65A2518DD20005463E4 /* tree.h */ = {isa = PBXFileReference; fileEncoding = 4; lastKnownFileType = sourcecode.c.h; path = tree.h; sourceTree = "<group>"; };
		7157F65B2518DD20005463E4 /* threadmessage.h */ = {isa = PBXFileReference; fileEncoding = 4; lastKnownFileType = sourcecode.c.h; path = threadmessage.h; sourceTree = "<group>"; };
		7157F65C2518DD20005463E4 /* attributes.h */ = {isa = PBXFileReference; fileEncoding = 4; lastKnownFileType = sourcecode.c.h; path = attributes.h; sourceTree = "<group>"; };
		7157F65D2518DD20005463E4 /* adler32.h */ = {isa = PBXFileReference; fileEncoding = 4; lastKnownFileType = sourcecode.c.h; path = adler32.h; sourceTree = "<group>"; };
		7157F65E2518DD20005463E4 /* hwcontext_d3d11va.h */ = {isa = PBXFileReference; fileEncoding = 4; lastKnownFileType = sourcecode.c.h; path = hwcontext_d3d11va.h; sourceTree = "<group>"; };
		7157F65F2518DD20005463E4 /* timecode.h */ = {isa = PBXFileReference; fileEncoding = 4; lastKnownFileType = sourcecode.c.h; path = timecode.h; sourceTree = "<group>"; };
		7157F6602518DD20005463E4 /* tx.h */ = {isa = PBXFileReference; fileEncoding = 4; lastKnownFileType = sourcecode.c.h; path = tx.h; sourceTree = "<group>"; };
		7157F6612518DD20005463E4 /* sha512.h */ = {isa = PBXFileReference; fileEncoding = 4; lastKnownFileType = sourcecode.c.h; path = sha512.h; sourceTree = "<group>"; };
		7157F6622518DD20005463E4 /* hwcontext_dxva2.h */ = {isa = PBXFileReference; fileEncoding = 4; lastKnownFileType = sourcecode.c.h; path = hwcontext_dxva2.h; sourceTree = "<group>"; };
		7157F6632518DD20005463E4 /* display.h */ = {isa = PBXFileReference; fileEncoding = 4; lastKnownFileType = sourcecode.c.h; path = display.h; sourceTree = "<group>"; };
		7157F6642518DD20005463E4 /* buffer.h */ = {isa = PBXFileReference; fileEncoding = 4; lastKnownFileType = sourcecode.c.h; path = buffer.h; sourceTree = "<group>"; };
		7157F6652518DD20005463E4 /* camellia.h */ = {isa = PBXFileReference; fileEncoding = 4; lastKnownFileType = sourcecode.c.h; path = camellia.h; sourceTree = "<group>"; };
		7157F6662518DD20005463E4 /* pixelutils.h */ = {isa = PBXFileReference; fileEncoding = 4; lastKnownFileType = sourcecode.c.h; path = pixelutils.h; sourceTree = "<group>"; };
		7157F6672518DD20005463E4 /* hwcontext_drm.h */ = {isa = PBXFileReference; fileEncoding = 4; lastKnownFileType = sourcecode.c.h; path = hwcontext_drm.h; sourceTree = "<group>"; };
		7157F6682518DD20005463E4 /* common.h */ = {isa = PBXFileReference; fileEncoding = 4; lastKnownFileType = sourcecode.c.h; path = common.h; sourceTree = "<group>"; };
		7157F6692518DD20005463E4 /* hmac.h */ = {isa = PBXFileReference; fileEncoding = 4; lastKnownFileType = sourcecode.c.h; path = hmac.h; sourceTree = "<group>"; };
		7157F66A2518DD20005463E4 /* eval.h */ = {isa = PBXFileReference; fileEncoding = 4; lastKnownFileType = sourcecode.c.h; path = eval.h; sourceTree = "<group>"; };
		7157F66B2518DD20005463E4 /* dict.h */ = {isa = PBXFileReference; fileEncoding = 4; lastKnownFileType = sourcecode.c.h; path = dict.h; sourceTree = "<group>"; };
		7157F66C2518DD20005463E4 /* random_seed.h */ = {isa = PBXFileReference; fileEncoding = 4; lastKnownFileType = sourcecode.c.h; path = random_seed.h; sourceTree = "<group>"; };
		7157F66D2518DD20005463E4 /* opt.h */ = {isa = PBXFileReference; fileEncoding = 4; lastKnownFileType = sourcecode.c.h; path = opt.h; sourceTree = "<group>"; };
		7157F66E2518DD20005463E4 /* mastering_display_metadata.h */ = {isa = PBXFileReference; fileEncoding = 4; lastKnownFileType = sourcecode.c.h; path = mastering_display_metadata.h; sourceTree = "<group>"; };
		7157F66F2518DD20005463E4 /* log.h */ = {isa = PBXFileReference; fileEncoding = 4; lastKnownFileType = sourcecode.c.h; path = log.h; sourceTree = "<group>"; };
		7157F6702518DD20005463E4 /* aes.h */ = {isa = PBXFileReference; fileEncoding = 4; lastKnownFileType = sourcecode.c.h; path = aes.h; sourceTree = "<group>"; };
		7157F6712518DD20005463E4 /* macros.h */ = {isa = PBXFileReference; fileEncoding = 4; lastKnownFileType = sourcecode.c.h; path = macros.h; sourceTree = "<group>"; };
		7157F6722518DD20005463E4 /* bswap.h */ = {isa = PBXFileReference; fileEncoding = 4; lastKnownFileType = sourcecode.c.h; path = bswap.h; sourceTree = "<group>"; };
		7157F6732518DD20005463E4 /* rc4.h */ = {isa = PBXFileReference; fileEncoding = 4; lastKnownFileType = sourcecode.c.h; path = rc4.h; sourceTree = "<group>"; };
		7157F6742518DD20005463E4 /* tea.h */ = {isa = PBXFileReference; fileEncoding = 4; lastKnownFileType = sourcecode.c.h; path = tea.h; sourceTree = "<group>"; };
		7157F6752518DD20005463E4 /* cpu.h */ = {isa = PBXFileReference; fileEncoding = 4; lastKnownFileType = sourcecode.c.h; path = cpu.h; sourceTree = "<group>"; };
		7157F6762518DD20005463E4 /* lzo.h */ = {isa = PBXFileReference; fileEncoding = 4; lastKnownFileType = sourcecode.c.h; path = lzo.h; sourceTree = "<group>"; };
		7157F6772518DD20005463E4 /* des.h */ = {isa = PBXFileReference; fileEncoding = 4; lastKnownFileType = sourcecode.c.h; path = des.h; sourceTree = "<group>"; };
		7157F6782518DD20005463E4 /* channel_layout.h */ = {isa = PBXFileReference; fileEncoding = 4; lastKnownFileType = sourcecode.c.h; path = channel_layout.h; sourceTree = "<group>"; };
		7157F6792518DD20005463E4 /* encryption_info.h */ = {isa = PBXFileReference; fileEncoding = 4; lastKnownFileType = sourcecode.c.h; path = encryption_info.h; sourceTree = "<group>"; };
		7157F67A2518DD20005463E4 /* twofish.h */ = {isa = PBXFileReference; fileEncoding = 4; lastKnownFileType = sourcecode.c.h; path = twofish.h; sourceTree = "<group>"; };
		7157F67B2518DD20005463E4 /* imgutils.h */ = {isa = PBXFileReference; fileEncoding = 4; lastKnownFileType = sourcecode.c.h; path = imgutils.h; sourceTree = "<group>"; };
		7157F67C2518DD20005463E4 /* hwcontext_videotoolbox.h */ = {isa = PBXFileReference; fileEncoding = 4; lastKnownFileType = sourcecode.c.h; path = hwcontext_videotoolbox.h; sourceTree = "<group>"; };
		7157F67D2518DD20005463E4 /* mem.h */ = {isa = PBXFileReference; fileEncoding = 4; lastKnownFileType = sourcecode.c.h; path = mem.h; sourceTree = "<group>"; };
		7157F67E2518DD20005463E4 /* parseutils.h */ = {isa = PBXFileReference; fileEncoding = 4; lastKnownFileType = sourcecode.c.h; path = parseutils.h; sourceTree = "<group>"; };
		7157F67F2518DD20005463E4 /* ripemd.h */ = {isa = PBXFileReference; fileEncoding = 4; lastKnownFileType = sourcecode.c.h; path = ripemd.h; sourceTree = "<group>"; };
		7157F6802518DD20005463E4 /* bprint.h */ = {isa = PBXFileReference; fileEncoding = 4; lastKnownFileType = sourcecode.c.h; path = bprint.h; sourceTree = "<group>"; };
		7157F6812518DD20005463E4 /* hdr_dynamic_metadata.h */ = {isa = PBXFileReference; fileEncoding = 4; lastKnownFileType = sourcecode.c.h; path = hdr_dynamic_metadata.h; sourceTree = "<group>"; };
		7157F6822518DD20005463E4 /* hwcontext_qsv.h */ = {isa = PBXFileReference; fileEncoding = 4; lastKnownFileType = sourcecode.c.h; path = hwcontext_qsv.h; sourceTree = "<group>"; };
		7157F6832518DD20005463E4 /* pixfmt.h */ = {isa = PBXFileReference; fileEncoding = 4; lastKnownFileType = sourcecode.c.h; path = pixfmt.h; sourceTree = "<group>"; };
		7157F6842518DD20005463E4 /* aes_ctr.h */ = {isa = PBXFileReference; fileEncoding = 4; lastKnownFileType = sourcecode.c.h; path = aes_ctr.h; sourceTree = "<group>"; };
		7157F6852518DD20005463E4 /* timestamp.h */ = {isa = PBXFileReference; fileEncoding = 4; lastKnownFileType = sourcecode.c.h; path = timestamp.h; sourceTree = "<group>"; };
		7157F6862518DD20005463E4 /* downmix_info.h */ = {isa = PBXFileReference; fileEncoding = 4; lastKnownFileType = sourcecode.c.h; path = downmix_info.h; sourceTree = "<group>"; };
		7157F6872518DD20005463E4 /* avassert.h */ = {isa = PBXFileReference; fileEncoding = 4; lastKnownFileType = sourcecode.c.h; path = avassert.h; sourceTree = "<group>"; };
		7157F6882518DD20005463E4 /* hash.h */ = {isa = PBXFileReference; fileEncoding = 4; lastKnownFileType = sourcecode.c.h; path = hash.h; sourceTree = "<group>"; };
		7157F6892518DD20005463E4 /* mathematics.h */ = {isa = PBXFileReference; fileEncoding = 4; lastKnownFileType = sourcecode.c.h; path = mathematics.h; sourceTree = "<group>"; };
		7157F68A2518DD20005463E4 /* intreadwrite.h */ = {isa = PBXFileReference; fileEncoding = 4; lastKnownFileType = sourcecode.c.h; path = intreadwrite.h; sourceTree = "<group>"; };
		7157F68B2518DD20005463E4 /* avstring.h */ = {isa = PBXFileReference; fileEncoding = 4; lastKnownFileType = sourcecode.c.h; path = avstring.h; sourceTree = "<group>"; };
		7157F68D2518DD20005463E4 /* version.h */ = {isa = PBXFileReference; fileEncoding = 4; lastKnownFileType = sourcecode.c.h; path = version.h; sourceTree = "<group>"; };
		7157F68E2518DD20005463E4 /* avdevice.h */ = {isa = PBXFileReference; fileEncoding = 4; lastKnownFileType = sourcecode.c.h; path = avdevice.h; sourceTree = "<group>"; };
		7157F6902518DD20005463E4 /* version.h */ = {isa = PBXFileReference; fileEncoding = 4; lastKnownFileType = sourcecode.c.h; path = version.h; sourceTree = "<group>"; };
		7157F6912518DD20005463E4 /* avio.h */ = {isa = PBXFileReference; fileEncoding = 4; lastKnownFileType = sourcecode.c.h; path = avio.h; sourceTree = "<group>"; };
		7157F6922518DD20005463E4 /* avformat.h */ = {isa = PBXFileReference; fileEncoding = 4; lastKnownFileType = sourcecode.c.h; path = avformat.h; sourceTree = "<group>"; };
		7157F6942518DD20005463E4 /* version.h */ = {isa = PBXFileReference; fileEncoding = 4; lastKnownFileType = sourcecode.c.h; path = version.h; sourceTree = "<group>"; };
		7157F6952518DD20005463E4 /* swscale.h */ = {isa = PBXFileReference; fileEncoding = 4; lastKnownFileType = sourcecode.c.h; path = swscale.h; sourceTree = "<group>"; };
		7157F6972518DD20005463E4 /* adts_parser.h */ = {isa = PBXFileReference; fileEncoding = 4; lastKnownFileType = sourcecode.c.h; path = adts_parser.h; sourceTree = "<group>"; };
		7157F6982518DD20005463E4 /* avcodec.h */ = {isa = PBXFileReference; fileEncoding = 4; lastKnownFileType = sourcecode.c.h; path = avcodec.h; sourceTree = "<group>"; };
		7157F6992518DD20005463E4 /* version.h */ = {isa = PBXFileReference; fileEncoding = 4; lastKnownFileType = sourcecode.c.h; path = version.h; sourceTree = "<group>"; };
		7157F69A2518DD20005463E4 /* vdpau.h */ = {isa = PBXFileReference; fileEncoding = 4; lastKnownFileType = sourcecode.c.h; path = vdpau.h; sourceTree = "<group>"; };
		7157F69B2518DD20005463E4 /* qsv.h */ = {isa = PBXFileReference; fileEncoding = 4; lastKnownFileType = sourcecode.c.h; path = qsv.h; sourceTree = "<group>"; };
		7157F69C2518DD20005463E4 /* vaapi.h */ = {isa = PBXFileReference; fileEncoding = 4; lastKnownFileType = sourcecode.c.h; path = vaapi.h; sourceTree = "<group>"; };
		7157F69D2518DD20005463E4 /* videotoolbox.h */ = {isa = PBXFileReference; fileEncoding = 4; lastKnownFileType = sourcecode.c.h; path = videotoolbox.h; sourceTree = "<group>"; };
		7157F69E2518DD20005463E4 /* xvmc.h */ = {isa = PBXFileReference; fileEncoding = 4; lastKnownFileType = sourcecode.c.h; path = xvmc.h; sourceTree = "<group>"; };
		7157F69F2518DD20005463E4 /* mediacodec.h */ = {isa = PBXFileReference; fileEncoding = 4; lastKnownFileType = sourcecode.c.h; path = mediacodec.h; sourceTree = "<group>"; };
		7157F6A02518DD20005463E4 /* d3d11va.h */ = {isa = PBXFileReference; fileEncoding = 4; lastKnownFileType = sourcecode.c.h; path = d3d11va.h; sourceTree = "<group>"; };
		7157F6A12518DD20005463E4 /* avfft.h */ = {isa = PBXFileReference; fileEncoding = 4; lastKnownFileType = sourcecode.c.h; path = avfft.h; sourceTree = "<group>"; };
		7157F6A22518DD20005463E4 /* jni.h */ = {isa = PBXFileReference; fileEncoding = 4; lastKnownFileType = sourcecode.c.h; path = jni.h; sourceTree = "<group>"; };
		7157F6A32518DD20005463E4 /* dirac.h */ = {isa = PBXFileReference; fileEncoding = 4; lastKnownFileType = sourcecode.c.h; path = dirac.h; sourceTree = "<group>"; };
		7157F6A42518DD20005463E4 /* avdct.h */ = {isa = PBXFileReference; fileEncoding = 4; lastKnownFileType = sourcecode.c.h; path = avdct.h; sourceTree = "<group>"; };
		7157F6A52518DD20005463E4 /* ac3_parser.h */ = {isa = PBXFileReference; fileEncoding = 4; lastKnownFileType = sourcecode.c.h; path = ac3_parser.h; sourceTree = "<group>"; };
		7157F6A62518DD20005463E4 /* vorbis_parser.h */ = {isa = PBXFileReference; fileEncoding = 4; lastKnownFileType = sourcecode.c.h; path = vorbis_parser.h; sourceTree = "<group>"; };
		7157F6A72518DD20005463E4 /* dxva2.h */ = {isa = PBXFileReference; fileEncoding = 4; lastKnownFileType = sourcecode.c.h; path = dxva2.h; sourceTree = "<group>"; };
		7157F6A82518DD20005463E4 /* dv_profile.h */ = {isa = PBXFileReference; fileEncoding = 4; lastKnownFileType = sourcecode.c.h; path = dv_profile.h; sourceTree = "<group>"; };
		7157F6AA2518DD20005463E4 /* version.h */ = {isa = PBXFileReference; fileEncoding = 4; lastKnownFileType = sourcecode.c.h; path = version.h; sourceTree = "<group>"; };
		7157F6AB2518DD20005463E4 /* swresample.h */ = {isa = PBXFileReference; fileEncoding = 4; lastKnownFileType = sourcecode.c.h; path = swresample.h; sourceTree = "<group>"; };
		7157F6AE2518DD20005463E4 /* libavutil.a */ = {isa = PBXFileReference; lastKnownFileType = archive.ar; path = libavutil.a; sourceTree = "<group>"; };
		7157F6AF2518DD20005463E4 /* libavfilter.a */ = {isa = PBXFileReference; lastKnownFileType = archive.ar; path = libavfilter.a; sourceTree = "<group>"; };
		7157F6B02518DD20005463E4 /* libavcodec.a */ = {isa = PBXFileReference; lastKnownFileType = archive.ar; path = libavcodec.a; sourceTree = "<group>"; };
		7157F6B12518DD20005463E4 /* libavformat.a */ = {isa = PBXFileReference; lastKnownFileType = archive.ar; path = libavformat.a; sourceTree = "<group>"; };
		7157F6B22518DD20005463E4 /* libavdevice.a */ = {isa = PBXFileReference; lastKnownFileType = archive.ar; path = libavdevice.a; sourceTree = "<group>"; };
		7157F6B32518DD20005463E4 /* libswresample.a */ = {isa = PBXFileReference; lastKnownFileType = archive.ar; path = libswresample.a; sourceTree = "<group>"; };
		7157F6B42518DD20005463E4 /* libswscale.a */ = {isa = PBXFileReference; lastKnownFileType = archive.ar; path = libswscale.a; sourceTree = "<group>"; };
		7157F71E2518DD60005463E4 /* Accelerate.framework */ = {isa = PBXFileReference; lastKnownFileType = wrapper.framework; name = Accelerate.framework; path = System/Library/Frameworks/Accelerate.framework; sourceTree = SDKROOT; };
		7157F7202518DD64005463E4 /* AudioToolbox.framework */ = {isa = PBXFileReference; lastKnownFileType = wrapper.framework; name = AudioToolbox.framework; path = System/Library/Frameworks/AudioToolbox.framework; sourceTree = SDKROOT; };
		7157F7222518DD6C005463E4 /* CoreAudio.framework */ = {isa = PBXFileReference; lastKnownFileType = wrapper.framework; name = CoreAudio.framework; path = System/Library/Frameworks/CoreAudio.framework; sourceTree = SDKROOT; };
		7157F7242518DD73005463E4 /* CoreGraphics.framework */ = {isa = PBXFileReference; lastKnownFileType = wrapper.framework; name = CoreGraphics.framework; path = System/Library/Frameworks/CoreGraphics.framework; sourceTree = SDKROOT; };
		7157F7262518DD7C005463E4 /* CoreMedia.framework */ = {isa = PBXFileReference; lastKnownFileType = wrapper.framework; name = CoreMedia.framework; path = System/Library/Frameworks/CoreMedia.framework; sourceTree = SDKROOT; };
		7157F7282518DD90005463E4 /* OpenGLES.framework */ = {isa = PBXFileReference; lastKnownFileType = wrapper.framework; name = OpenGLES.framework; path = System/Library/Frameworks/OpenGLES.framework; sourceTree = SDKROOT; };
		7157F72A2518DD96005463E4 /* VideoToolbox.framework */ = {isa = PBXFileReference; lastKnownFileType = wrapper.framework; name = VideoToolbox.framework; path = System/Library/Frameworks/VideoToolbox.framework; sourceTree = SDKROOT; };
		7157F72C2518DD9B005463E4 /* QuartzCore.framework */ = {isa = PBXFileReference; lastKnownFileType = wrapper.framework; name = QuartzCore.framework; path = System/Library/Frameworks/QuartzCore.framework; sourceTree = SDKROOT; };
		7157F72E2518DDAF005463E4 /* libz.tbd */ = {isa = PBXFileReference; lastKnownFileType = "sourcecode.text-based-dylib-definition"; name = libz.tbd; path = usr/lib/libz.tbd; sourceTree = SDKROOT; };
		7157F7332518DDC0005463E4 /* libiconv.tbd */ = {isa = PBXFileReference; lastKnownFileType = "sourcecode.text-based-dylib-definition"; name = libiconv.tbd; path = usr/lib/libiconv.tbd; sourceTree = SDKROOT; };
		7157F7382518DDE9005463E4 /* libbz2.tbd */ = {isa = PBXFileReference; lastKnownFileType = "sourcecode.text-based-dylib-definition"; name = libbz2.tbd; path = usr/lib/libbz2.tbd; sourceTree = SDKROOT; };
		7157F7642518E1BA005463E4 /* VidThumbDemo-Bridging-Header.h */ = {isa = PBXFileReference; lastKnownFileType = sourcecode.c.h; path = "VidThumbDemo-Bridging-Header.h"; sourceTree = "<group>"; };
		7157F7712518E590005463E4 /* Metal.framework */ = {isa = PBXFileReference; lastKnownFileType = wrapper.framework; name = Metal.framework; path = System/Library/Frameworks/Metal.framework; sourceTree = SDKROOT; };
		7157F8292518FC6B005463E4 /* XYQMovieObject.m */ = {isa = PBXFileReference; fileEncoding = 4; lastKnownFileType = sourcecode.c.objc; path = XYQMovieObject.m; sourceTree = "<group>"; };
		7157F82A2518FC6B005463E4 /* XYQMovieObject.h */ = {isa = PBXFileReference; fileEncoding = 4; lastKnownFileType = sourcecode.c.h; path = XYQMovieObject.h; sourceTree = "<group>"; };
		7157F860251B759C005463E4 /* HomeViewController.swift */ = {isa = PBXFileReference; lastKnownFileType = sourcecode.swift; path = HomeViewController.swift; sourceTree = "<group>"; };
		7157F86A251B75B9005463E4 /* HomeViewPresenter.swift */ = {isa = PBXFileReference; lastKnownFileType = sourcecode.swift; path = HomeViewPresenter.swift; sourceTree = "<group>"; };
		7157F86F251B75C5005463E4 /* HomeViewInteractor.swift */ = {isa = PBXFileReference; lastKnownFileType = sourcecode.swift; path = HomeViewInteractor.swift; sourceTree = "<group>"; };
		7157F877251B7644005463E4 /* HomeViewRouter.swift */ = {isa = PBXFileReference; lastKnownFileType = sourcecode.swift; path = HomeViewRouter.swift; sourceTree = "<group>"; };
		7157F87F251B7F94005463E4 /* VidThumbDemo.entitlements */ = {isa = PBXFileReference; lastKnownFileType = text.plist.entitlements; path = VidThumbDemo.entitlements; sourceTree = "<group>"; };
		7157F883251B853E005463E4 /* UserDefaultManager.swift */ = {isa = PBXFileReference; lastKnownFileType = sourcecode.swift; path = UserDefaultManager.swift; sourceTree = "<group>"; };
		7157F889251B93F2005463E4 /* CloudKit.framework */ = {isa = PBXFileReference; lastKnownFileType = wrapper.framework; name = CloudKit.framework; path = System/Library/Frameworks/CloudKit.framework; sourceTree = SDKROOT; };
/* End PBXFileReference section */

/* Begin PBXFrameworksBuildPhase section */
		714E25BF2517265100875187 /* Frameworks */ = {
			isa = PBXFrameworksBuildPhase;
			buildActionMask = 2147483647;
			files = (
				7157F88A251B93F2005463E4 /* CloudKit.framework in Frameworks */,
				7157F74D2518E042005463E4 /* libavutil.a in Frameworks */,
				7157F74B2518E042005463E4 /* libavfilter.a in Frameworks */,
				7157F7722518E590005463E4 /* Metal.framework in Frameworks */,
				7157F72B2518DD96005463E4 /* VideoToolbox.framework in Frameworks */,
				7157F7252518DD73005463E4 /* CoreGraphics.framework in Frameworks */,
				7157F74C2518E042005463E4 /* libavformat.a in Frameworks */,
				7157F72D2518DD9B005463E4 /* QuartzCore.framework in Frameworks */,
				7157F7342518DDC5005463E4 /* libiconv.tbd in Frameworks */,
				7157F7212518DD64005463E4 /* AudioToolbox.framework in Frameworks */,
				7157F74E2518E042005463E4 /* libswresample.a in Frameworks */,
				7157F7492518E042005463E4 /* libavcodec.a in Frameworks */,
				7157F72F2518DDB4005463E4 /* libz.tbd in Frameworks */,
				7157F7392518DDEF005463E4 /* libbz2.tbd in Frameworks */,
				7157F7272518DD7C005463E4 /* CoreMedia.framework in Frameworks */,
				7157F74A2518E042005463E4 /* libavdevice.a in Frameworks */,
				7157F7232518DD6C005463E4 /* CoreAudio.framework in Frameworks */,
				7157F74F2518E042005463E4 /* libswscale.a in Frameworks */,
				7157F71F2518DD60005463E4 /* Accelerate.framework in Frameworks */,
				714E25FC251728BC00875187 /* RxSwift in Frameworks */,
				714E25FA251728BC00875187 /* RxCocoa in Frameworks */,
			);
			runOnlyForDeploymentPostprocessing = 0;
		};
		714E25D52517265400875187 /* Frameworks */ = {
			isa = PBXFrameworksBuildPhase;
			buildActionMask = 2147483647;
			files = (
			);
			runOnlyForDeploymentPostprocessing = 0;
		};
		714E25E02517265400875187 /* Frameworks */ = {
			isa = PBXFrameworksBuildPhase;
			buildActionMask = 2147483647;
			files = (
			);
			runOnlyForDeploymentPostprocessing = 0;
		};
/* End PBXFrameworksBuildPhase section */

/* Begin PBXGroup section */
		714E25B92517265100875187 = {
			isa = PBXGroup;
			children = (
				714E25C42517265200875187 /* VidThumbDemo */,
				714E25DB2517265400875187 /* VidThumbDemoTests */,
				714E25E62517265400875187 /* VidThumbDemoUITests */,
				714E25C32517265200875187 /* Products */,
				7157F71D2518DD5F005463E4 /* Frameworks */,
			);
			sourceTree = "<group>";
		};
		714E25C32517265200875187 /* Products */ = {
			isa = PBXGroup;
			children = (
				714E25C22517265200875187 /* VidThumbDemo.app */,
				714E25D82517265400875187 /* VidThumbDemoTests.xctest */,
				714E25E32517265400875187 /* VidThumbDemoUITests.xctest */,
			);
			name = Products;
			sourceTree = "<group>";
		};
		714E25C42517265200875187 /* VidThumbDemo */ = {
			isa = PBXGroup;
			children = (
				7157F87F251B7F94005463E4 /* VidThumbDemo.entitlements */,
				7157F85F251B758D005463E4 /* Home */,
				7157F8282518FC45005463E4 /* VideoObject */,
				7157F6312518DD20005463E4 /* Externals */,
				714E269325176FF900875187 /* Manager */,
				714E268D25176EF000875187 /* Entity */,
				714E263025173AAA00875187 /* DemoVideoFiles */,
				714E26222517316900875187 /* Protocol */,
				714E260925172E9600875187 /* Base ViewController */,
				714E25C52517265200875187 /* AppDelegate.swift */,
				714E25CE2517265400875187 /* Assets.xcassets */,
				714E25D02517265400875187 /* LaunchScreen.storyboard */,
				714E25D32517265400875187 /* Info.plist */,
				714E260025172E5000875187 /* VideoThumb */,
				7157F7642518E1BA005463E4 /* VidThumbDemo-Bridging-Header.h */,
			);
			path = VidThumbDemo;
			sourceTree = "<group>";
		};
		714E25DB2517265400875187 /* VidThumbDemoTests */ = {
			isa = PBXGroup;
			children = (
				714E25DC2517265400875187 /* VidThumbDemoTests.swift */,
				714E25DE2517265400875187 /* Info.plist */,
			);
			path = VidThumbDemoTests;
			sourceTree = "<group>";
		};
		714E25E62517265400875187 /* VidThumbDemoUITests */ = {
			isa = PBXGroup;
			children = (
				714E25E72517265400875187 /* VidThumbDemoUITests.swift */,
				714E25E92517265400875187 /* Info.plist */,
			);
			path = VidThumbDemoUITests;
			sourceTree = "<group>";
		};
		714E260025172E5000875187 /* VideoThumb */ = {
			isa = PBXGroup;
			children = (
				714E26172517313A00875187 /* Views */,
				714E260425172E8900875187 /* VideoThumbViewController.swift */,
				714E2612251730B800875187 /* VideoThumbPresenter.swift */,
				714E262B25173A3000875187 /* VideoThumbInteractor.swift */,
			);
			path = VideoThumb;
			sourceTree = "<group>";
		};
		714E260925172E9600875187 /* Base ViewController */ = {
			isa = PBXGroup;
			children = (
				714E260A25172EAA00875187 /* BaseViewController.swift */,
			);
			path = "Base ViewController";
			sourceTree = "<group>";
		};
		714E26172517313A00875187 /* Views */ = {
			isa = PBXGroup;
			children = (
				714E25CB2517265200875187 /* Main.storyboard */,
				714E26182517315600875187 /* VideoThumbCollectionViewCell.xib */,
				714E261D2517315F00875187 /* VideoThumbCollectionViewCell.swift */,
			);
			path = Views;
			sourceTree = "<group>";
		};
		714E26222517316900875187 /* Protocol */ = {
			isa = PBXGroup;
			children = (
				714E26232517317D00875187 /* CustomCellable.swift */,
			);
			path = Protocol;
			sourceTree = "<group>";
		};
		714E263025173AAA00875187 /* DemoVideoFiles */ = {
			isa = PBXGroup;
			children = (
				714E263525173AC800875187 /* TEST0053.avi */,
				714E263B25173AC800875187 /* TEST0054.avi */,
				714E263825173AC800875187 /* TEST0055.avi */,
				714E264325173AC800875187 /* TEST0056.avi */,
				714E263725173AC800875187 /* TEST0092.avi */,
				714E263A25173AC800875187 /* TEST0093.avi */,
				714E263D25173AC800875187 /* TEST0094.avi */,
				714E263425173AC800875187 /* TEST0351.avi */,
				714E263625173AC800875187 /* TEST0352.avi */,
				714E264225173AC800875187 /* TEST0353.avi */,
				714E263E25173AC800875187 /* TEST0354.avi */,
				714E263C25173AC800875187 /* TEST0355.avi */,
				714E263225173AC800875187 /* TEST0356.avi */,
				714E264025173AC800875187 /* TEST0509.avi */,
				714E263925173AC800875187 /* TEST0510.avi */,
				714E263F25173AC800875187 /* TEST0511.avi */,
				714E264125173AC800875187 /* TEST0512.avi */,
				714E264425173AC800875187 /* TEST0513.avi */,
				714E263125173AC800875187 /* TEST0514.avi */,
				714E263325173AC800875187 /* TEST0598.avi */,
			);
			path = DemoVideoFiles;
			sourceTree = "<group>";
		};
		714E268D25176EF000875187 /* Entity */ = {
			isa = PBXGroup;
			children = (
				714E268E25176F0500875187 /* VideoEntity.swift */,
			);
			path = Entity;
			sourceTree = "<group>";
		};
		714E269325176FF900875187 /* Manager */ = {
			isa = PBXGroup;
			children = (
				714E26942517700A00875187 /* VideoManager.swift */,
				7157F883251B853E005463E4 /* UserDefaultManager.swift */,
			);
			path = Manager;
			sourceTree = "<group>";
		};
		7157F6312518DD20005463E4 /* Externals */ = {
			isa = PBXGroup;
			children = (
				7157F6322518DD20005463E4 /* ffmpeg */,
			);
			path = Externals;
			sourceTree = "<group>";
		};
		7157F6322518DD20005463E4 /* ffmpeg */ = {
			isa = PBXGroup;
			children = (
				7157F6332518DD20005463E4 /* include */,
				7157F6AD2518DD20005463E4 /* lib */,
			);
			path = ffmpeg;
			sourceTree = "<group>";
		};
		7157F6332518DD20005463E4 /* include */ = {
			isa = PBXGroup;
			children = (
				7157F6342518DD20005463E4 /* libavfilter */,
				7157F6392518DD20005463E4 /* libavutil */,
				7157F68C2518DD20005463E4 /* libavdevice */,
				7157F68F2518DD20005463E4 /* libavformat */,
				7157F6932518DD20005463E4 /* libswscale */,
				7157F6962518DD20005463E4 /* libavcodec */,
				7157F6A92518DD20005463E4 /* libswresample */,
			);
			path = include;
			sourceTree = "<group>";
		};
		7157F6342518DD20005463E4 /* libavfilter */ = {
			isa = PBXGroup;
			children = (
				7157F6352518DD20005463E4 /* version.h */,
				7157F6362518DD20005463E4 /* buffersrc.h */,
				7157F6372518DD20005463E4 /* buffersink.h */,
				7157F6382518DD20005463E4 /* avfilter.h */,
			);
			path = libavfilter;
			sourceTree = "<group>";
		};
		7157F6392518DD20005463E4 /* libavutil */ = {
			isa = PBXGroup;
			children = (
				7157F63A2518DD20005463E4 /* hwcontext.h */,
				7157F63B2518DD20005463E4 /* time.h */,
				7157F63C2518DD20005463E4 /* hwcontext_cuda.h */,
				7157F63D2518DD20005463E4 /* intfloat.h */,
				7157F63E2518DD20005463E4 /* error.h */,
				7157F63F2518DD20005463E4 /* fifo.h */,
				7157F6402518DD20005463E4 /* blowfish.h */,
				7157F6412518DD20005463E4 /* hwcontext_mediacodec.h */,
				7157F6422518DD20005463E4 /* replaygain.h */,
				7157F6432518DD20005463E4 /* version.h */,
				7157F6442518DD20005463E4 /* murmur3.h */,
				7157F6452518DD20005463E4 /* stereo3d.h */,
				7157F6462518DD20005463E4 /* samplefmt.h */,
				7157F6472518DD20005463E4 /* pixdesc.h */,
				7157F6482518DD20005463E4 /* base64.h */,
				7157F6492518DD20005463E4 /* rational.h */,
				7157F64A2518DD20005463E4 /* sha.h */,
				7157F64B2518DD20005463E4 /* motion_vector.h */,
				7157F64C2518DD20005463E4 /* avconfig.h */,
				7157F64D2518DD20005463E4 /* lfg.h */,
				7157F64E2518DD20005463E4 /* avutil.h */,
				7157F64F2518DD20005463E4 /* xtea.h */,
				7157F6502518DD20005463E4 /* crc.h */,
				7157F6512518DD20005463E4 /* hwcontext_vdpau.h */,
				7157F6522518DD20005463E4 /* frame.h */,
				7157F6532518DD20005463E4 /* file.h */,
				7157F6542518DD20005463E4 /* md5.h */,
				7157F6552518DD20005463E4 /* cast5.h */,
				7157F6562518DD20005463E4 /* hwcontext_vaapi.h */,
				7157F6572518DD20005463E4 /* spherical.h */,
				7157F6582518DD20005463E4 /* ffversion.h */,
				7157F6592518DD20005463E4 /* audio_fifo.h */,
				7157F65A2518DD20005463E4 /* tree.h */,
				7157F65B2518DD20005463E4 /* threadmessage.h */,
				7157F65C2518DD20005463E4 /* attributes.h */,
				7157F65D2518DD20005463E4 /* adler32.h */,
				7157F65E2518DD20005463E4 /* hwcontext_d3d11va.h */,
				7157F65F2518DD20005463E4 /* timecode.h */,
				7157F6602518DD20005463E4 /* tx.h */,
				7157F6612518DD20005463E4 /* sha512.h */,
				7157F6622518DD20005463E4 /* hwcontext_dxva2.h */,
				7157F6632518DD20005463E4 /* display.h */,
				7157F6642518DD20005463E4 /* buffer.h */,
				7157F6652518DD20005463E4 /* camellia.h */,
				7157F6662518DD20005463E4 /* pixelutils.h */,
				7157F6672518DD20005463E4 /* hwcontext_drm.h */,
				7157F6682518DD20005463E4 /* common.h */,
				7157F6692518DD20005463E4 /* hmac.h */,
				7157F66A2518DD20005463E4 /* eval.h */,
				7157F66B2518DD20005463E4 /* dict.h */,
				7157F66C2518DD20005463E4 /* random_seed.h */,
				7157F66D2518DD20005463E4 /* opt.h */,
				7157F66E2518DD20005463E4 /* mastering_display_metadata.h */,
				7157F66F2518DD20005463E4 /* log.h */,
				7157F6702518DD20005463E4 /* aes.h */,
				7157F6712518DD20005463E4 /* macros.h */,
				7157F6722518DD20005463E4 /* bswap.h */,
				7157F6732518DD20005463E4 /* rc4.h */,
				7157F6742518DD20005463E4 /* tea.h */,
				7157F6752518DD20005463E4 /* cpu.h */,
				7157F6762518DD20005463E4 /* lzo.h */,
				7157F6772518DD20005463E4 /* des.h */,
				7157F6782518DD20005463E4 /* channel_layout.h */,
				7157F6792518DD20005463E4 /* encryption_info.h */,
				7157F67A2518DD20005463E4 /* twofish.h */,
				7157F67B2518DD20005463E4 /* imgutils.h */,
				7157F67C2518DD20005463E4 /* hwcontext_videotoolbox.h */,
				7157F67D2518DD20005463E4 /* mem.h */,
				7157F67E2518DD20005463E4 /* parseutils.h */,
				7157F67F2518DD20005463E4 /* ripemd.h */,
				7157F6802518DD20005463E4 /* bprint.h */,
				7157F6812518DD20005463E4 /* hdr_dynamic_metadata.h */,
				7157F6822518DD20005463E4 /* hwcontext_qsv.h */,
				7157F6832518DD20005463E4 /* pixfmt.h */,
				7157F6842518DD20005463E4 /* aes_ctr.h */,
				7157F6852518DD20005463E4 /* timestamp.h */,
				7157F6862518DD20005463E4 /* downmix_info.h */,
				7157F6872518DD20005463E4 /* avassert.h */,
				7157F6882518DD20005463E4 /* hash.h */,
				7157F6892518DD20005463E4 /* mathematics.h */,
				7157F68A2518DD20005463E4 /* intreadwrite.h */,
				7157F68B2518DD20005463E4 /* avstring.h */,
			);
			path = libavutil;
			sourceTree = "<group>";
		};
		7157F68C2518DD20005463E4 /* libavdevice */ = {
			isa = PBXGroup;
			children = (
				7157F68D2518DD20005463E4 /* version.h */,
				7157F68E2518DD20005463E4 /* avdevice.h */,
			);
			path = libavdevice;
			sourceTree = "<group>";
		};
		7157F68F2518DD20005463E4 /* libavformat */ = {
			isa = PBXGroup;
			children = (
				7157F6902518DD20005463E4 /* version.h */,
				7157F6912518DD20005463E4 /* avio.h */,
				7157F6922518DD20005463E4 /* avformat.h */,
			);
			path = libavformat;
			sourceTree = "<group>";
		};
		7157F6932518DD20005463E4 /* libswscale */ = {
			isa = PBXGroup;
			children = (
				7157F6942518DD20005463E4 /* version.h */,
				7157F6952518DD20005463E4 /* swscale.h */,
			);
			path = libswscale;
			sourceTree = "<group>";
		};
		7157F6962518DD20005463E4 /* libavcodec */ = {
			isa = PBXGroup;
			children = (
				7157F6972518DD20005463E4 /* adts_parser.h */,
				7157F6982518DD20005463E4 /* avcodec.h */,
				7157F6992518DD20005463E4 /* version.h */,
				7157F69A2518DD20005463E4 /* vdpau.h */,
				7157F69B2518DD20005463E4 /* qsv.h */,
				7157F69C2518DD20005463E4 /* vaapi.h */,
				7157F69D2518DD20005463E4 /* videotoolbox.h */,
				7157F69E2518DD20005463E4 /* xvmc.h */,
				7157F69F2518DD20005463E4 /* mediacodec.h */,
				7157F6A02518DD20005463E4 /* d3d11va.h */,
				7157F6A12518DD20005463E4 /* avfft.h */,
				7157F6A22518DD20005463E4 /* jni.h */,
				7157F6A32518DD20005463E4 /* dirac.h */,
				7157F6A42518DD20005463E4 /* avdct.h */,
				7157F6A52518DD20005463E4 /* ac3_parser.h */,
				7157F6A62518DD20005463E4 /* vorbis_parser.h */,
				7157F6A72518DD20005463E4 /* dxva2.h */,
				7157F6A82518DD20005463E4 /* dv_profile.h */,
			);
			path = libavcodec;
			sourceTree = "<group>";
		};
		7157F6A92518DD20005463E4 /* libswresample */ = {
			isa = PBXGroup;
			children = (
				7157F6AA2518DD20005463E4 /* version.h */,
				7157F6AB2518DD20005463E4 /* swresample.h */,
			);
			path = libswresample;
			sourceTree = "<group>";
		};
		7157F6AD2518DD20005463E4 /* lib */ = {
			isa = PBXGroup;
			children = (
				7157F6AE2518DD20005463E4 /* libavutil.a */,
				7157F6AF2518DD20005463E4 /* libavfilter.a */,
				7157F6B02518DD20005463E4 /* libavcodec.a */,
				7157F6B12518DD20005463E4 /* libavformat.a */,
				7157F6B22518DD20005463E4 /* libavdevice.a */,
				7157F6B32518DD20005463E4 /* libswresample.a */,
				7157F6B42518DD20005463E4 /* libswscale.a */,
			);
			path = lib;
			sourceTree = "<group>";
		};
		7157F71D2518DD5F005463E4 /* Frameworks */ = {
			isa = PBXGroup;
			children = (
				7157F889251B93F2005463E4 /* CloudKit.framework */,
				7157F7712518E590005463E4 /* Metal.framework */,
				7157F7382518DDE9005463E4 /* libbz2.tbd */,
				7157F7332518DDC0005463E4 /* libiconv.tbd */,
				7157F72E2518DDAF005463E4 /* libz.tbd */,
				7157F72C2518DD9B005463E4 /* QuartzCore.framework */,
				7157F72A2518DD96005463E4 /* VideoToolbox.framework */,
				7157F7282518DD90005463E4 /* OpenGLES.framework */,
				7157F7262518DD7C005463E4 /* CoreMedia.framework */,
				7157F7242518DD73005463E4 /* CoreGraphics.framework */,
				7157F7222518DD6C005463E4 /* CoreAudio.framework */,
				7157F7202518DD64005463E4 /* AudioToolbox.framework */,
				7157F71E2518DD60005463E4 /* Accelerate.framework */,
			);
			name = Frameworks;
			sourceTree = "<group>";
		};
		7157F8282518FC45005463E4 /* VideoObject */ = {
			isa = PBXGroup;
			children = (
				7157F82A2518FC6B005463E4 /* XYQMovieObject.h */,
				7157F8292518FC6B005463E4 /* XYQMovieObject.m */,
			);
			path = VideoObject;
			sourceTree = "<group>";
		};
		7157F85F251B758D005463E4 /* Home */ = {
			isa = PBXGroup;
			children = (
				7157F860251B759C005463E4 /* HomeViewController.swift */,
				7157F86A251B75B9005463E4 /* HomeViewPresenter.swift */,
				7157F86F251B75C5005463E4 /* HomeViewInteractor.swift */,
				7157F877251B7644005463E4 /* HomeViewRouter.swift */,
			);
			path = Home;
			sourceTree = "<group>";
		};
/* End PBXGroup section */

/* Begin PBXNativeTarget section */
		714E25C12517265100875187 /* VidThumbDemo */ = {
			isa = PBXNativeTarget;
			buildConfigurationList = 714E25EC2517265400875187 /* Build configuration list for PBXNativeTarget "VidThumbDemo" */;
			buildPhases = (
				714E25BE2517265100875187 /* Sources */,
				714E25BF2517265100875187 /* Frameworks */,
				714E25C02517265100875187 /* Resources */,
			);
			buildRules = (
			);
			dependencies = (
			);
			name = VidThumbDemo;
			packageProductDependencies = (
				714E25F9251728BC00875187 /* RxCocoa */,
				714E25FB251728BC00875187 /* RxSwift */,
			);
			productName = VidThumbDemo;
			productReference = 714E25C22517265200875187 /* VidThumbDemo.app */;
			productType = "com.apple.product-type.application";
		};
		714E25D72517265400875187 /* VidThumbDemoTests */ = {
			isa = PBXNativeTarget;
			buildConfigurationList = 714E25EF2517265400875187 /* Build configuration list for PBXNativeTarget "VidThumbDemoTests" */;
			buildPhases = (
				714E25D42517265400875187 /* Sources */,
				714E25D52517265400875187 /* Frameworks */,
				714E25D62517265400875187 /* Resources */,
			);
			buildRules = (
			);
			dependencies = (
				714E25DA2517265400875187 /* PBXTargetDependency */,
			);
			name = VidThumbDemoTests;
			productName = VidThumbDemoTests;
			productReference = 714E25D82517265400875187 /* VidThumbDemoTests.xctest */;
			productType = "com.apple.product-type.bundle.unit-test";
		};
		714E25E22517265400875187 /* VidThumbDemoUITests */ = {
			isa = PBXNativeTarget;
			buildConfigurationList = 714E25F22517265400875187 /* Build configuration list for PBXNativeTarget "VidThumbDemoUITests" */;
			buildPhases = (
				714E25DF2517265400875187 /* Sources */,
				714E25E02517265400875187 /* Frameworks */,
				714E25E12517265400875187 /* Resources */,
			);
			buildRules = (
			);
			dependencies = (
				714E25E52517265400875187 /* PBXTargetDependency */,
			);
			name = VidThumbDemoUITests;
			productName = VidThumbDemoUITests;
			productReference = 714E25E32517265400875187 /* VidThumbDemoUITests.xctest */;
			productType = "com.apple.product-type.bundle.ui-testing";
		};
/* End PBXNativeTarget section */

/* Begin PBXProject section */
		714E25BA2517265100875187 /* Project object */ = {
			isa = PBXProject;
			attributes = {
				LastSwiftUpdateCheck = 1200;
				LastUpgradeCheck = 1200;
				TargetAttributes = {
					714E25C12517265100875187 = {
						CreatedOnToolsVersion = 12.0;
					};
					714E25D72517265400875187 = {
						CreatedOnToolsVersion = 12.0;
						TestTargetID = 714E25C12517265100875187;
					};
					714E25E22517265400875187 = {
						CreatedOnToolsVersion = 12.0;
						TestTargetID = 714E25C12517265100875187;
					};
				};
			};
			buildConfigurationList = 714E25BD2517265100875187 /* Build configuration list for PBXProject "VidThumbDemo" */;
			compatibilityVersion = "Xcode 9.3";
			developmentRegion = en;
			hasScannedForEncodings = 0;
			knownRegions = (
				en,
				Base,
				"zh-Hans",
			);
			mainGroup = 714E25B92517265100875187;
			packageReferences = (
				714E25F8251728BC00875187 /* XCRemoteSwiftPackageReference "RxSwift" */,
			);
			productRefGroup = 714E25C32517265200875187 /* Products */;
			projectDirPath = "";
			projectRoot = "";
			targets = (
				714E25C12517265100875187 /* VidThumbDemo */,
				714E25D72517265400875187 /* VidThumbDemoTests */,
				714E25E22517265400875187 /* VidThumbDemoUITests */,
			);
		};
/* End PBXProject section */

/* Begin PBXResourcesBuildPhase section */
		714E25C02517265100875187 /* Resources */ = {
			isa = PBXResourcesBuildPhase;
			buildActionMask = 2147483647;
			files = (
				714E264B25173AC800875187 /* TEST0092.avi in Resources */,
				714E25D22517265400875187 /* LaunchScreen.storyboard in Resources */,
				714E264525173AC800875187 /* TEST0514.avi in Resources */,
				714E264625173AC800875187 /* TEST0356.avi in Resources */,
				714E264D25173AC800875187 /* TEST0510.avi in Resources */,
				714E264825173AC800875187 /* TEST0351.avi in Resources */,
				714E25CF2517265400875187 /* Assets.xcassets in Resources */,
				714E265025173AC800875187 /* TEST0355.avi in Resources */,
				714E265525173AC800875187 /* TEST0512.avi in Resources */,
				714E264925173AC800875187 /* TEST0053.avi in Resources */,
				714E264E25173AC800875187 /* TEST0093.avi in Resources */,
				714E265825173AC800875187 /* TEST0513.avi in Resources */,
				714E265625173AC800875187 /* TEST0353.avi in Resources */,
				714E264A25173AC800875187 /* TEST0352.avi in Resources */,
				714E264C25173AC800875187 /* TEST0055.avi in Resources */,
				714E264F25173AC800875187 /* TEST0054.avi in Resources */,
				714E25CD2517265200875187 /* Main.storyboard in Resources */,
				714E265225173AC800875187 /* TEST0354.avi in Resources */,
				714E26192517315600875187 /* VideoThumbCollectionViewCell.xib in Resources */,
				714E265425173AC800875187 /* TEST0509.avi in Resources */,
				714E265325173AC800875187 /* TEST0511.avi in Resources */,
				714E264725173AC800875187 /* TEST0598.avi in Resources */,
				714E265725173AC800875187 /* TEST0056.avi in Resources */,
				714E265125173AC800875187 /* TEST0094.avi in Resources */,
			);
			runOnlyForDeploymentPostprocessing = 0;
		};
		714E25D62517265400875187 /* Resources */ = {
			isa = PBXResourcesBuildPhase;
			buildActionMask = 2147483647;
			files = (
			);
			runOnlyForDeploymentPostprocessing = 0;
		};
		714E25E12517265400875187 /* Resources */ = {
			isa = PBXResourcesBuildPhase;
			buildActionMask = 2147483647;
			files = (
			);
			runOnlyForDeploymentPostprocessing = 0;
		};
/* End PBXResourcesBuildPhase section */

/* Begin PBXSourcesBuildPhase section */
		714E25BE2517265100875187 /* Sources */ = {
			isa = PBXSourcesBuildPhase;
			buildActionMask = 2147483647;
			files = (
				714E268F25176F0500875187 /* VideoEntity.swift in Sources */,
				714E260525172E8900875187 /* VideoThumbViewController.swift in Sources */,
				714E26952517700A00875187 /* VideoManager.swift in Sources */,
				7157F82B2518FC6B005463E4 /* XYQMovieObject.m in Sources */,
				714E260B25172EAA00875187 /* BaseViewController.swift in Sources */,
				714E25C62517265200875187 /* AppDelegate.swift in Sources */,
				7157F878251B7644005463E4 /* HomeViewRouter.swift in Sources */,
				714E26242517317D00875187 /* CustomCellable.swift in Sources */,
				7157F861251B759C005463E4 /* HomeViewController.swift in Sources */,
				7157F884251B853E005463E4 /* UserDefaultManager.swift in Sources */,
				714E2613251730B800875187 /* VideoThumbPresenter.swift in Sources */,
				7157F870251B75C5005463E4 /* HomeViewInteractor.swift in Sources */,
				7157F86B251B75B9005463E4 /* HomeViewPresenter.swift in Sources */,
				714E261E2517315F00875187 /* VideoThumbCollectionViewCell.swift in Sources */,
				714E262C25173A3000875187 /* VideoThumbInteractor.swift in Sources */,
			);
			runOnlyForDeploymentPostprocessing = 0;
		};
		714E25D42517265400875187 /* Sources */ = {
			isa = PBXSourcesBuildPhase;
			buildActionMask = 2147483647;
			files = (
				714E25DD2517265400875187 /* VidThumbDemoTests.swift in Sources */,
			);
			runOnlyForDeploymentPostprocessing = 0;
		};
		714E25DF2517265400875187 /* Sources */ = {
			isa = PBXSourcesBuildPhase;
			buildActionMask = 2147483647;
			files = (
				714E25E82517265400875187 /* VidThumbDemoUITests.swift in Sources */,
			);
			runOnlyForDeploymentPostprocessing = 0;
		};
/* End PBXSourcesBuildPhase section */

/* Begin PBXTargetDependency section */
		714E25DA2517265400875187 /* PBXTargetDependency */ = {
			isa = PBXTargetDependency;
			target = 714E25C12517265100875187 /* VidThumbDemo */;
			targetProxy = 714E25D92517265400875187 /* PBXContainerItemProxy */;
		};
		714E25E52517265400875187 /* PBXTargetDependency */ = {
			isa = PBXTargetDependency;
			target = 714E25C12517265100875187 /* VidThumbDemo */;
			targetProxy = 714E25E42517265400875187 /* PBXContainerItemProxy */;
		};
/* End PBXTargetDependency section */

/* Begin PBXVariantGroup section */
		714E25CB2517265200875187 /* Main.storyboard */ = {
			isa = PBXVariantGroup;
			children = (
				714E25CC2517265200875187 /* Base */,
			);
			name = Main.storyboard;
			sourceTree = "<group>";
		};
		714E25D02517265400875187 /* LaunchScreen.storyboard */ = {
			isa = PBXVariantGroup;
			children = (
				714E25D12517265400875187 /* Base */,
			);
			name = LaunchScreen.storyboard;
			sourceTree = "<group>";
		};
/* End PBXVariantGroup section */

/* Begin XCBuildConfiguration section */
		714E25EA2517265400875187 /* Debug */ = {
			isa = XCBuildConfiguration;
			buildSettings = {
				ALWAYS_SEARCH_USER_PATHS = NO;
				CLANG_ANALYZER_NONNULL = YES;
				CLANG_ANALYZER_NUMBER_OBJECT_CONVERSION = YES_AGGRESSIVE;
				CLANG_CXX_LANGUAGE_STANDARD = "gnu++14";
				CLANG_CXX_LIBRARY = "libc++";
				CLANG_ENABLE_MODULES = YES;
				CLANG_ENABLE_OBJC_ARC = YES;
				CLANG_ENABLE_OBJC_WEAK = YES;
				CLANG_WARN_BLOCK_CAPTURE_AUTORELEASING = YES;
				CLANG_WARN_BOOL_CONVERSION = YES;
				CLANG_WARN_COMMA = YES;
				CLANG_WARN_CONSTANT_CONVERSION = YES;
				CLANG_WARN_DEPRECATED_OBJC_IMPLEMENTATIONS = YES;
				CLANG_WARN_DIRECT_OBJC_ISA_USAGE = YES_ERROR;
				CLANG_WARN_DOCUMENTATION_COMMENTS = YES;
				CLANG_WARN_EMPTY_BODY = YES;
				CLANG_WARN_ENUM_CONVERSION = YES;
				CLANG_WARN_INFINITE_RECURSION = YES;
				CLANG_WARN_INT_CONVERSION = YES;
				CLANG_WARN_NON_LITERAL_NULL_CONVERSION = YES;
				CLANG_WARN_OBJC_IMPLICIT_RETAIN_SELF = YES;
				CLANG_WARN_OBJC_LITERAL_CONVERSION = YES;
				CLANG_WARN_OBJC_ROOT_CLASS = YES_ERROR;
				CLANG_WARN_QUOTED_INCLUDE_IN_FRAMEWORK_HEADER = YES;
				CLANG_WARN_RANGE_LOOP_ANALYSIS = YES;
				CLANG_WARN_STRICT_PROTOTYPES = YES;
				CLANG_WARN_SUSPICIOUS_MOVE = YES;
				CLANG_WARN_UNGUARDED_AVAILABILITY = YES_AGGRESSIVE;
				CLANG_WARN_UNREACHABLE_CODE = YES;
				CLANG_WARN__DUPLICATE_METHOD_MATCH = YES;
				COPY_PHASE_STRIP = NO;
				DEBUG_INFORMATION_FORMAT = dwarf;
				ENABLE_STRICT_OBJC_MSGSEND = YES;
				ENABLE_TESTABILITY = YES;
				GCC_C_LANGUAGE_STANDARD = gnu11;
				GCC_DYNAMIC_NO_PIC = NO;
				GCC_NO_COMMON_BLOCKS = YES;
				GCC_OPTIMIZATION_LEVEL = 0;
				GCC_PREPROCESSOR_DEFINITIONS = (
					"DEBUG=1",
					"$(inherited)",
				);
				GCC_WARN_64_TO_32_BIT_CONVERSION = YES;
				GCC_WARN_ABOUT_RETURN_TYPE = YES_ERROR;
				GCC_WARN_UNDECLARED_SELECTOR = YES;
				GCC_WARN_UNINITIALIZED_AUTOS = YES_AGGRESSIVE;
				GCC_WARN_UNUSED_FUNCTION = YES;
				GCC_WARN_UNUSED_VARIABLE = YES;
				IPHONEOS_DEPLOYMENT_TARGET = 14.0;
				MTL_ENABLE_DEBUG_INFO = INCLUDE_SOURCE;
				MTL_FAST_MATH = YES;
				ONLY_ACTIVE_ARCH = YES;
				SDKROOT = iphoneos;
				SWIFT_ACTIVE_COMPILATION_CONDITIONS = DEBUG;
				SWIFT_OPTIMIZATION_LEVEL = "-Onone";
			};
			name = Debug;
		};
		714E25EB2517265400875187 /* Release */ = {
			isa = XCBuildConfiguration;
			buildSettings = {
				ALWAYS_SEARCH_USER_PATHS = NO;
				CLANG_ANALYZER_NONNULL = YES;
				CLANG_ANALYZER_NUMBER_OBJECT_CONVERSION = YES_AGGRESSIVE;
				CLANG_CXX_LANGUAGE_STANDARD = "gnu++14";
				CLANG_CXX_LIBRARY = "libc++";
				CLANG_ENABLE_MODULES = YES;
				CLANG_ENABLE_OBJC_ARC = YES;
				CLANG_ENABLE_OBJC_WEAK = YES;
				CLANG_WARN_BLOCK_CAPTURE_AUTORELEASING = YES;
				CLANG_WARN_BOOL_CONVERSION = YES;
				CLANG_WARN_COMMA = YES;
				CLANG_WARN_CONSTANT_CONVERSION = YES;
				CLANG_WARN_DEPRECATED_OBJC_IMPLEMENTATIONS = YES;
				CLANG_WARN_DIRECT_OBJC_ISA_USAGE = YES_ERROR;
				CLANG_WARN_DOCUMENTATION_COMMENTS = YES;
				CLANG_WARN_EMPTY_BODY = YES;
				CLANG_WARN_ENUM_CONVERSION = YES;
				CLANG_WARN_INFINITE_RECURSION = YES;
				CLANG_WARN_INT_CONVERSION = YES;
				CLANG_WARN_NON_LITERAL_NULL_CONVERSION = YES;
				CLANG_WARN_OBJC_IMPLICIT_RETAIN_SELF = YES;
				CLANG_WARN_OBJC_LITERAL_CONVERSION = YES;
				CLANG_WARN_OBJC_ROOT_CLASS = YES_ERROR;
				CLANG_WARN_QUOTED_INCLUDE_IN_FRAMEWORK_HEADER = YES;
				CLANG_WARN_RANGE_LOOP_ANALYSIS = YES;
				CLANG_WARN_STRICT_PROTOTYPES = YES;
				CLANG_WARN_SUSPICIOUS_MOVE = YES;
				CLANG_WARN_UNGUARDED_AVAILABILITY = YES_AGGRESSIVE;
				CLANG_WARN_UNREACHABLE_CODE = YES;
				CLANG_WARN__DUPLICATE_METHOD_MATCH = YES;
				COPY_PHASE_STRIP = NO;
				DEBUG_INFORMATION_FORMAT = "dwarf-with-dsym";
				ENABLE_NS_ASSERTIONS = NO;
				ENABLE_STRICT_OBJC_MSGSEND = YES;
				GCC_C_LANGUAGE_STANDARD = gnu11;
				GCC_NO_COMMON_BLOCKS = YES;
				GCC_WARN_64_TO_32_BIT_CONVERSION = YES;
				GCC_WARN_ABOUT_RETURN_TYPE = YES_ERROR;
				GCC_WARN_UNDECLARED_SELECTOR = YES;
				GCC_WARN_UNINITIALIZED_AUTOS = YES_AGGRESSIVE;
				GCC_WARN_UNUSED_FUNCTION = YES;
				GCC_WARN_UNUSED_VARIABLE = YES;
				IPHONEOS_DEPLOYMENT_TARGET = 14.0;
				MTL_ENABLE_DEBUG_INFO = NO;
				MTL_FAST_MATH = YES;
				SDKROOT = iphoneos;
				SWIFT_COMPILATION_MODE = wholemodule;
				SWIFT_OPTIMIZATION_LEVEL = "-O";
				VALIDATE_PRODUCT = YES;
			};
			name = Release;
		};
		714E25ED2517265400875187 /* Debug */ = {
			isa = XCBuildConfiguration;
			buildSettings = {
				ASSETCATALOG_COMPILER_APPICON_NAME = AppIcon;
				ASSETCATALOG_COMPILER_GLOBAL_ACCENT_COLOR_NAME = AccentColor;
				CODE_SIGN_ENTITLEMENTS = VidThumbDemo/VidThumbDemo.entitlements;
				CODE_SIGN_STYLE = Automatic;
				CURRENT_PROJECT_VERSION = 1;
				DEVELOPMENT_TEAM = B44JQ4HGJ4;
				ENABLE_BITCODE = NO;
				HEADER_SEARCH_PATHS = "$(PROJECT_DIR)/VidThumbDemo/Externals/ffmpeg/include";
				INFOPLIST_FILE = VidThumbDemo/Info.plist;
				IPHONEOS_DEPLOYMENT_TARGET = 12.0;
				LD_RUNPATH_SEARCH_PATHS = (
					"$(inherited)",
					"@executable_path/Frameworks",
				);
				LIBRARY_SEARCH_PATHS = (
					"$(inherited)",
					"$(PROJECT_DIR)/VidThumbDemo/Externals/ffmpeg/lib",
				);
				MARKETING_VERSION = 1.1;
				PRODUCT_BUNDLE_IDENTIFIER = com.stealthcam.VidThumbDemo.ray;
				PRODUCT_NAME = "$(TARGET_NAME)";
				SWIFT_OBJC_BRIDGING_HEADER = "$(PROJECT_DIR)/VidThumbDemo/VidThumbDemo-Bridging-Header.h";
				SWIFT_VERSION = 5.0;
				TARGETED_DEVICE_FAMILY = "1,2";
			};
			name = Debug;
		};
		714E25EE2517265400875187 /* Release */ = {
			isa = XCBuildConfiguration;
			buildSettings = {
				ASSETCATALOG_COMPILER_APPICON_NAME = AppIcon;
				ASSETCATALOG_COMPILER_GLOBAL_ACCENT_COLOR_NAME = AccentColor;
				CODE_SIGN_ENTITLEMENTS = VidThumbDemo/VidThumbDemo.entitlements;
				CODE_SIGN_STYLE = Automatic;
				CURRENT_PROJECT_VERSION = 1;
				DEVELOPMENT_TEAM = B44JQ4HGJ4;
				ENABLE_BITCODE = NO;
				HEADER_SEARCH_PATHS = "$(PROJECT_DIR)/VidThumbDemo/Externals/ffmpeg/include";
				INFOPLIST_FILE = VidThumbDemo/Info.plist;
				IPHONEOS_DEPLOYMENT_TARGET = 12.0;
				LD_RUNPATH_SEARCH_PATHS = (
					"$(inherited)",
					"@executable_path/Frameworks",
				);
				LIBRARY_SEARCH_PATHS = (
					"$(inherited)",
					"$(PROJECT_DIR)/VidThumbDemo/Externals/ffmpeg/lib",
				);
				MARKETING_VERSION = 1.1;
				PRODUCT_BUNDLE_IDENTIFIER = com.stealthcam.VidThumbDemo.ray;
				PRODUCT_NAME = "$(TARGET_NAME)";
				SWIFT_OBJC_BRIDGING_HEADER = "$(PROJECT_DIR)/VidThumbDemo/VidThumbDemo-Bridging-Header.h";
				SWIFT_VERSION = 5.0;
				TARGETED_DEVICE_FAMILY = "1,2";
			};
			name = Release;
		};
		714E25F02517265400875187 /* Debug */ = {
			isa = XCBuildConfiguration;
			buildSettings = {
				ALWAYS_EMBED_SWIFT_STANDARD_LIBRARIES = YES;
				BUNDLE_LOADER = "$(TEST_HOST)";
				CODE_SIGN_STYLE = Automatic;
				INFOPLIST_FILE = VidThumbDemoTests/Info.plist;
				IPHONEOS_DEPLOYMENT_TARGET = 14.0;
				LD_RUNPATH_SEARCH_PATHS = (
					"$(inherited)",
					"@executable_path/Frameworks",
					"@loader_path/Frameworks",
				);
				PRODUCT_BUNDLE_IDENTIFIER = com.stealthcam.VidThumbDemoTests;
				PRODUCT_NAME = "$(TARGET_NAME)";
				SWIFT_VERSION = 5.0;
				TARGETED_DEVICE_FAMILY = "1,2";
				TEST_HOST = "$(BUILT_PRODUCTS_DIR)/VidThumbDemo.app/VidThumbDemo";
			};
			name = Debug;
		};
		714E25F12517265400875187 /* Release */ = {
			isa = XCBuildConfiguration;
			buildSettings = {
				ALWAYS_EMBED_SWIFT_STANDARD_LIBRARIES = YES;
				BUNDLE_LOADER = "$(TEST_HOST)";
				CODE_SIGN_STYLE = Automatic;
				INFOPLIST_FILE = VidThumbDemoTests/Info.plist;
				IPHONEOS_DEPLOYMENT_TARGET = 14.0;
				LD_RUNPATH_SEARCH_PATHS = (
					"$(inherited)",
					"@executable_path/Frameworks",
					"@loader_path/Frameworks",
				);
				PRODUCT_BUNDLE_IDENTIFIER = com.stealthcam.VidThumbDemoTests;
				PRODUCT_NAME = "$(TARGET_NAME)";
				SWIFT_VERSION = 5.0;
				TARGETED_DEVICE_FAMILY = "1,2";
				TEST_HOST = "$(BUILT_PRODUCTS_DIR)/VidThumbDemo.app/VidThumbDemo";
			};
			name = Release;
		};
		714E25F32517265400875187 /* Debug */ = {
			isa = XCBuildConfiguration;
			buildSettings = {
				ALWAYS_EMBED_SWIFT_STANDARD_LIBRARIES = YES;
				CODE_SIGN_STYLE = Automatic;
				INFOPLIST_FILE = VidThumbDemoUITests/Info.plist;
				LD_RUNPATH_SEARCH_PATHS = (
					"$(inherited)",
					"@executable_path/Frameworks",
					"@loader_path/Frameworks",
				);
				PRODUCT_BUNDLE_IDENTIFIER = com.stealthcam.VidThumbDemoUITests;
				PRODUCT_NAME = "$(TARGET_NAME)";
				SWIFT_VERSION = 5.0;
				TARGETED_DEVICE_FAMILY = "1,2";
				TEST_TARGET_NAME = VidThumbDemo;
			};
			name = Debug;
		};
		714E25F42517265400875187 /* Release */ = {
			isa = XCBuildConfiguration;
			buildSettings = {
				ALWAYS_EMBED_SWIFT_STANDARD_LIBRARIES = YES;
				CODE_SIGN_STYLE = Automatic;
				INFOPLIST_FILE = VidThumbDemoUITests/Info.plist;
				LD_RUNPATH_SEARCH_PATHS = (
					"$(inherited)",
					"@executable_path/Frameworks",
					"@loader_path/Frameworks",
				);
				PRODUCT_BUNDLE_IDENTIFIER = com.stealthcam.VidThumbDemoUITests;
				PRODUCT_NAME = "$(TARGET_NAME)";
				SWIFT_VERSION = 5.0;
				TARGETED_DEVICE_FAMILY = "1,2";
				TEST_TARGET_NAME = VidThumbDemo;
			};
			name = Release;
		};
/* End XCBuildConfiguration section */

/* Begin XCConfigurationList section */
		714E25BD2517265100875187 /* Build configuration list for PBXProject "VidThumbDemo" */ = {
			isa = XCConfigurationList;
			buildConfigurations = (
				714E25EA2517265400875187 /* Debug */,
				714E25EB2517265400875187 /* Release */,
			);
			defaultConfigurationIsVisible = 0;
			defaultConfigurationName = Release;
		};
		714E25EC2517265400875187 /* Build configuration list for PBXNativeTarget "VidThumbDemo" */ = {
			isa = XCConfigurationList;
			buildConfigurations = (
				714E25ED2517265400875187 /* Debug */,
				714E25EE2517265400875187 /* Release */,
			);
			defaultConfigurationIsVisible = 0;
			defaultConfigurationName = Release;
		};
		714E25EF2517265400875187 /* Build configuration list for PBXNativeTarget "VidThumbDemoTests" */ = {
			isa = XCConfigurationList;
			buildConfigurations = (
				714E25F02517265400875187 /* Debug */,
				714E25F12517265400875187 /* Release */,
			);
			defaultConfigurationIsVisible = 0;
			defaultConfigurationName = Release;
		};
		714E25F22517265400875187 /* Build configuration list for PBXNativeTarget "VidThumbDemoUITests" */ = {
			isa = XCConfigurationList;
			buildConfigurations = (
				714E25F32517265400875187 /* Debug */,
				714E25F42517265400875187 /* Release */,
			);
			defaultConfigurationIsVisible = 0;
			defaultConfigurationName = Release;
		};
/* End XCConfigurationList section */

/* Begin XCRemoteSwiftPackageReference section */
		714E25F8251728BC00875187 /* XCRemoteSwiftPackageReference "RxSwift" */ = {
			isa = XCRemoteSwiftPackageReference;
			repositoryURL = "https://github.com/ReactiveX/RxSwift.git";
			requirement = {
				kind = exactVersion;
				version = 5.1.1;
			};
		};
/* End XCRemoteSwiftPackageReference section */

/* Begin XCSwiftPackageProductDependency section */
		714E25F9251728BC00875187 /* RxCocoa */ = {
			isa = XCSwiftPackageProductDependency;
			package = 714E25F8251728BC00875187 /* XCRemoteSwiftPackageReference "RxSwift" */;
			productName = RxCocoa;
		};
		714E25FB251728BC00875187 /* RxSwift */ = {
			isa = XCSwiftPackageProductDependency;
			package = 714E25F8251728BC00875187 /* XCRemoteSwiftPackageReference "RxSwift" */;
			productName = RxSwift;
		};
/* End XCSwiftPackageProductDependency section */
	};
	rootObject = 714E25BA2517265100875187 /* Project object */;
}
